
Microsoft Visual Studio Solution File, Format Version 12.00
# Visual Studio Version 16
VisualStudioVersion = 16.0.28516.95
MinimumVisualStudioVersion = 10.0.40219.1
Project("{FAE04EC0-301F-11D3-BF4B-00C04F79EFBC}") = "RippleBackgroundSample", "RippleBackgroundSample\RippleBackgroundSample.csproj", "{9B55E923-481B-4CE3-920D-1CC4AFB56A5D}"
EndProject
Global
	GlobalSection(SolutionConfigurationPlatforms) = preSolution
		Debug|Any CPU = Debug|Any CPU
		Release|Any CPU = Release|Any CPU
	EndGlobalSection
	GlobalSection(ProjectConfigurationPlatforms) = postSolution
		{9B55E923-481B-4CE3-920D-1CC4AFB56A5D}.Debug|Any CPU.ActiveCfg = Debug|Any CPU
		{9B55E923-481B-4CE3-920D-1CC4AFB56A5D}.Debug|Any CPU.Build.0 = Debug|Any CPU
		{9B55E923-481B-4CE3-920D-1CC4AFB56A5D}.Debug|Any CPU.Deploy.0 = Debug|Any CPU
		{9B55E923-481B-4CE3-920D-1CC4AFB56A5D}.Release|Any CPU.ActiveCfg = Release|Any CPU
		{9B55E923-481B-4CE3-920D-1CC4AFB56A5D}.Release|Any CPU.Build.0 = Release|Any CPU
		{9B55E923-481B-4CE3-920D-1CC4AFB56A5D}.Release|Any CPU.Deploy.0 = Release|Any CPU
	EndGlobalSection
	GlobalSection(SolutionProperties) = preSolution
		HideSolutionNode = FALSE
	EndGlobalSection
	GlobalSection(ExtensibilityGlobals) = postSolution
		SolutionGuid = {CD14BA0A-994D-4202-A3C2-DA4882D029D0}
	EndGlobalSection
EndGlobal
